
Microsoft Visual Studio Solution File, Format Version 12.00
# Visual Studio Version 16
VisualStudioVersion = 16.0.30717.126
MinimumVisualStudioVersion = 10.0.40219.1
Project("{9A19103F-16F7-4668-BE54-9A1E7A4F7556}") = "SlackBot", "SlackBot.csproj", "{19D24447-F5E6-4C6D-9361-C97AF8D8CF41}"
EndProject
Project("{9A19103F-16F7-4668-BE54-9A1E7A4F7556}") = "SalaryBot", "..\SalaryBot\SalaryBot.csproj", "{9AA13434-779A-429A-BD0C-105F2E8DA41E}"
EndProject
Project("{9A19103F-16F7-4668-BE54-9A1E7A4F7556}") = "HttpSlackBot", "..\HttpSlackBot\HttpSlackBot.csproj", "{A53B7318-138A-48C5-90E0-6F6048744EDB}"
EndProject
Project("{9A19103F-16F7-4668-BE54-9A1E7A4F7556}") = "SlackBot.Common", "..\SlackBot.Common\SlackBot.Common.csproj", "{C91EFF5D-CF99-428C-A261-30252A6E337D}"
EndProject
Project("{9A19103F-16F7-4668-BE54-9A1E7A4F7556}") = "SlackBot.Helpers", "..\SlackBot.Helpers\SlackBot.Helpers.csproj", "{8EC571B4-CCEF-446F-9FB0-18A894F47E95}"
EndProject
Project("{FAE04EC0-301F-11D3-BF4B-00C04F79EFBC}") = "EventsBot", "..\EventsBot\EventsBot.csproj", "{7B8E535E-DA0B-40A2-AEDF-56841CC855A5}"
EndProject
Global
	GlobalSection(SolutionConfigurationPlatforms) = preSolution
		Debug|Any CPU = Debug|Any CPU
		Release|Any CPU = Release|Any CPU
	EndGlobalSection
	GlobalSection(ProjectConfigurationPlatforms) = postSolution
		{19D24447-F5E6-4C6D-9361-C97AF8D8CF41}.Debug|Any CPU.ActiveCfg = Debug|Any CPU
		{19D24447-F5E6-4C6D-9361-C97AF8D8CF41}.Debug|Any CPU.Build.0 = Debug|Any CPU
		{19D24447-F5E6-4C6D-9361-C97AF8D8CF41}.Release|Any CPU.ActiveCfg = Release|Any CPU
		{19D24447-F5E6-4C6D-9361-C97AF8D8CF41}.Release|Any CPU.Build.0 = Release|Any CPU
		{9AA13434-779A-429A-BD0C-105F2E8DA41E}.Debug|Any CPU.ActiveCfg = Debug|Any CPU
		{9AA13434-779A-429A-BD0C-105F2E8DA41E}.Debug|Any CPU.Build.0 = Debug|Any CPU
		{9AA13434-779A-429A-BD0C-105F2E8DA41E}.Release|Any CPU.ActiveCfg = Release|Any CPU
		{9AA13434-779A-429A-BD0C-105F2E8DA41E}.Release|Any CPU.Build.0 = Release|Any CPU
		{A53B7318-138A-48C5-90E0-6F6048744EDB}.Debug|Any CPU.ActiveCfg = Debug|Any CPU
		{A53B7318-138A-48C5-90E0-6F6048744EDB}.Debug|Any CPU.Build.0 = Debug|Any CPU
		{A53B7318-138A-48C5-90E0-6F6048744EDB}.Release|Any CPU.ActiveCfg = Release|Any CPU
		{A53B7318-138A-48C5-90E0-6F6048744EDB}.Release|Any CPU.Build.0 = Release|Any CPU
		{C91EFF5D-CF99-428C-A261-30252A6E337D}.Debug|Any CPU.ActiveCfg = Debug|Any CPU
		{C91EFF5D-CF99-428C-A261-30252A6E337D}.Debug|Any CPU.Build.0 = Debug|Any CPU
		{C91EFF5D-CF99-428C-A261-30252A6E337D}.Release|Any CPU.ActiveCfg = Release|Any CPU
		{C91EFF5D-CF99-428C-A261-30252A6E337D}.Release|Any CPU.Build.0 = Release|Any CPU
		{8EC571B4-CCEF-446F-9FB0-18A894F47E95}.Debug|Any CPU.ActiveCfg = Debug|Any CPU
		{8EC571B4-CCEF-446F-9FB0-18A894F47E95}.Debug|Any CPU.Build.0 = Debug|Any CPU
		{8EC571B4-CCEF-446F-9FB0-18A894F47E95}.Release|Any CPU.ActiveCfg = Release|Any CPU
		{8EC571B4-CCEF-446F-9FB0-18A894F47E95}.Release|Any CPU.Build.0 = Release|Any CPU
		{7B8E535E-DA0B-40A2-AEDF-56841CC855A5}.Debug|Any CPU.ActiveCfg = Debug|Any CPU
		{7B8E535E-DA0B-40A2-AEDF-56841CC855A5}.Debug|Any CPU.Build.0 = Debug|Any CPU
		{7B8E535E-DA0B-40A2-AEDF-56841CC855A5}.Release|Any CPU.ActiveCfg = Release|Any CPU
		{7B8E535E-DA0B-40A2-AEDF-56841CC855A5}.Release|Any CPU.Build.0 = Release|Any CPU
	EndGlobalSection
	GlobalSection(SolutionProperties) = preSolution
		HideSolutionNode = FALSE
	EndGlobalSection
	GlobalSection(ExtensibilityGlobals) = postSolution
		SolutionGuid = {505EE9DF-59A7-474B-82E8-50F0FB3B7554}
	EndGlobalSection
EndGlobal
